// !$*UTF8*$!
{
	archiveVersion = 1;
	classes = {
	};
	objectVersion = 56;
	objects = {

/* Begin PBXBuildFile section */
		180A1B9D2F32A75300314C63 /* lab_04_swift_uiApp.swift in Sources */ = {isa = PBXBuildFile; fileRef = 180A1B9C2F32A75300314C63 /* lab_04_swift_uiApp.swift */; };
		180A1B9F2F32A75300314C63 /* ContentView.swift in Sources */ = {isa = PBXBuildFile; fileRef = 180A1B9E2F32A75300314C63 /* ContentView.swift */; };
		180A1BA12F32A75500314C63 /* Assets.xcassets in Resources */ = {isa = PBXBuildFile; fileRef = 180A1BA02F32A75500314C63 /* Assets.xcassets */; };
		180A1BA42F32A75500314C63 /* Preview Assets.xcassets in Resources */ = {isa = PBXBuildFile; fileRef = 180A1BA32F32A75500314C63 /* Preview Assets.xcassets */; };
		180A1BAE2F32A75500314C63 /* lab_04_swift_uiTests.swift in Sources */ = {isa = PBXBuildFile; fileRef = 180A1BAD2F32A75500314C63 /* lab_04_swift_uiTests.swift */; };
		180A1BB82F32A75500314C63 /* lab_04_swift_uiUITests.swift in Sources */ = {isa = PBXBuildFile; fileRef = 180A1BB72F32A75500314C63 /* lab_04_swift_uiUITests.swift */; };
		180A1BBA2F32A75500314C63 /* lab_04_swift_uiUITestsLaunchTests.swift in Sources */ = {isa = PBXBuildFile; fileRef = 180A1BB92F32A75500314C63 /* lab_04_swift_uiUITestsLaunchTests.swift */; };
/* End PBXBuildFile section */

/* Begin PBXContainerItemProxy section */
		180A1BAA2F32A75500314C63 /* PBXContainerItemProxy */ = {
			isa = PBXContainerItemProxy;
			containerPortal = 180A1B912F32A75300314C63 /* Project object */;
			proxyType = 1;
			remoteGlobalIDString = 180A1B982F32A75300314C63;
			remoteInfo = lab_04_swift_ui;
		};
		180A1BB42F32A75500314C63 /* PBXContainerItemProxy */ = {
			isa = PBXContainerItemProxy;
			containerPortal = 180A1B912F32A75300314C63 /* Project object */;
			proxyType = 1;
			remoteGlobalIDString = 180A1B982F32A75300314C63;
			remoteInfo = lab_04_swift_ui;
		};
/* End PBXContainerItemProxy section */

/* Begin PBXFileReference section */
		180A1B992F32A75300314C63 /* lab_04_swift_ui.app */ = {isa = PBXFileReference; explicitFileType = wrapper.application; includeInIndex = 0; path = lab_04_swift_ui.app; sourceTree = BUILT_PRODUCTS_DIR; };
		180A1B9C2F32A75300314C63 /* lab_04_swift_uiApp.swift */ = {isa = PBXFileReference; lastKnownFileType = sourcecode.swift; path = lab_04_swift_uiApp.swift; sourceTree = "<group>"; };
		180A1B9E2F32A75300314C63 /* ContentView.swift */ = {isa = PBXFileReference; lastKnownFileType = sourcecode.swift; path = ContentView.swift; sourceTree = "<group>"; };
		180A1BA02F32A75500314C63 /* Assets.xcassets */ = {isa = PBXFileReference; lastKnownFileType = folder.assetcatalog; path = Assets.xcassets; sourceTree = "<group>"; };
		180A1BA32F32A75500314C63 /* Preview Assets.xcassets */ = {isa = PBXFileReference; lastKnownFileType = folder.assetcatalog; path = "Preview Assets.xcassets"; sourceTree = "<group>"; };
		180A1BA92F32A75500314C63 /* lab_04_swift_uiTests.xctest */ = {isa = PBXFileReference; explicitFileType = wrapper.cfbundle; includeInIndex = 0; path = lab_04_swift_uiTests.xctest; sourceTree = BUILT_PRODUCTS_DIR; };
		180A1BAD2F32A75500314C63 /* lab_04_swift_uiTests.swift */ = {isa = PBXFileReference; lastKnownFileType = sourcecode.swift; path = lab_04_swift_uiTests.swift; sourceTree = "<group>"; };
		180A1BB32F32A75500314C63 /* lab_04_swift_uiUITests.xctest */ = {isa = PBXFileReference; explicitFileType = wrapper.cfbundle; includeInIndex = 0; path = lab_04_swift_uiUITests.xctest; sourceTree = BUILT_PRODUCTS_DIR; };
		180A1BB72F32A75500314C63 /* lab_04_swift_uiUITests.swift */ = {isa = PBXFileReference; lastKnownFileType = sourcecode.swift; path = lab_04_swift_uiUITests.swift; sourceTree = "<group>"; };
		180A1BB92F32A75500314C63 /* lab_04_swift_uiUITestsLaunchTests.swift */ = {isa = PBXFileReference; lastKnownFileType = sourcecode.swift; path = lab_04_swift_uiUITestsLaunchTests.swift; sourceTree = "<group>"; };
/* End PBXFileReference section */

/* Begin PBXFrameworksBuildPhase section */
		180A1B962F32A75300314C63 /* Frameworks */ = {
			isa = PBXFrameworksBuildPhase;
			buildActionMask = 2147483647;
			files = (
			);
			runOnlyForDeploymentPostprocessing = 0;
		};
		180A1BA62F32A75500314C63 /* Frameworks */ = {
			isa = PBXFrameworksBuildPhase;
			buildActionMask = 2147483647;
			files = (
			);
			runOnlyForDeploymentPostprocessing = 0;
		};
		180A1BB02F32A75500314C63 /* Frameworks */ = {
			isa = PBXFrameworksBuildPhase;
			buildActionMask = 2147483647;
			files = (
			);
			runOnlyForDeploymentPostprocessing = 0;
		};
/* End PBXFrameworksBuildPhase section */

/* Begin PBXGroup section */
		180A1B902F32A75300314C63 = {
			isa = PBXGroup;
			children = (
				180A1B9B2F32A75300314C63 /* lab_04_swift_ui */,
				180A1BAC2F32A75500314C63 /* lab_04_swift_uiTests */,
				180A1BB62F32A75500314C63 /* lab_04_swift_uiUITests */,
				180A1B9A2F32A75300314C63 /* Products */,
			);
			sourceTree = "<group>";
		};
		180A1B9A2F32A75300314C63 /* Products */ = {
			isa = PBXGroup;
			children = (
				180A1B992F32A75300314C63 /* lab_04_swift_ui.app */,
				180A1BA92F32A75500314C63 /* lab_04_swift_uiTests.xctest */,
				180A1BB32F32A75500314C63 /* lab_04_swift_uiUITests.xctest */,
			);
			name = Products;
			sourceTree = "<group>";
		};
		180A1B9B2F32A75300314C63 /* lab_04_swift_ui */ = {
			isa = PBXGroup;
			children = (
				180A1B9C2F32A75300314C63 /* lab_04_swift_uiApp.swift */,
				180A1B9E2F32A75300314C63 /* ContentView.swift */,
				180A1BA02F32A75500314C63 /* Assets.xcassets */,
				180A1BA22F32A75500314C63 /* Preview Content */,
			);
			path = lab_04_swift_ui;
			sourceTree = "<group>";
		};
		180A1BA22F32A75500314C63 /* Preview Content */ = {
			isa = PBXGroup;
			children = (
				180A1BA32F32A75500314C63 /* Preview Assets.xcassets */,
			);
			path = "Preview Content";
			sourceTree = "<group>";
		};
		180A1BAC2F32A75500314C63 /* lab_04_swift_uiTests */ = {
			isa = PBXGroup;
			children = (
				180A1BAD2F32A75500314C63 /* lab_04_swift_uiTests.swift */,
			);
			path = lab_04_swift_uiTests;
			sourceTree = "<group>";
		};
		180A1BB62F32A75500314C63 /* lab_04_swift_uiUITests */ = {
			isa = PBXGroup;
			children = (
				180A1BB72F32A75500314C63 /* lab_04_swift_uiUITests.swift */,
				180A1BB92F32A75500314C63 /* lab_04_swift_uiUITestsLaunchTests.swift */,
			);
			path = lab_04_swift_uiUITests;
			sourceTree = "<group>";
		};
/* End PBXGroup section */

/* Begin PBXNativeTarget section */
		180A1B982F32A75300314C63 /* lab_04_swift_ui */ = {
			isa = PBXNativeTarget;
			buildConfigurationList = 180A1BBD2F32A75500314C63 /* Build configuration list for PBXNativeTarget "lab_04_swift_ui" */;
			buildPhases = (
				180A1B952F32A75300314C63 /* Sources */,
				180A1B962F32A75300314C63 /* Frameworks */,
				180A1B972F32A75300314C63 /* Resources */,
			);
			buildRules = (
			);
			dependencies = (
			);
			name = lab_04_swift_ui;
			productName = lab_04_swift_ui;
			productReference = 180A1B992F32A75300314C63 /* lab_04_swift_ui.app */;
			productType = "com.apple.product-type.application";
		};
		180A1BA82F32A75500314C63 /* lab_04_swift_uiTests */ = {
			isa = PBXNativeTarget;
			buildConfigurationList = 180A1BC02F32A75500314C63 /* Build configuration list for PBXNativeTarget "lab_04_swift_uiTests" */;
			buildPhases = (
				180A1BA52F32A75500314C63 /* Sources */,
				180A1BA62F32A75500314C63 /* Frameworks */,
				180A1BA72F32A75500314C63 /* Resources */,
			);
			buildRules = (
			);
			dependencies = (
				180A1BAB2F32A75500314C63 /* PBXTargetDependency */,
			);
			name = lab_04_swift_uiTests;
			productName = lab_04_swift_uiTests;
			productReference = 180A1BA92F32A75500314C63 /* lab_04_swift_uiTests.xctest */;
			productType = "com.apple.product-type.bundle.unit-test";
		};
		180A1BB22F32A75500314C63 /* lab_04_swift_uiUITests */ = {
			isa = PBXNativeTarget;
			buildConfigurationList = 180A1BC32F32A75500314C63 /* Build configuration list for PBXNativeTarget "lab_04_swift_uiUITests" */;
			buildPhases = (
				180A1BAF2F32A75500314C63 /* Sources */,
				180A1BB02F32A75500314C63 /* Frameworks */,
				180A1BB12F32A75500314C63 /* Resources */,
			);
			buildRules = (
			);
			dependencies = (
				180A1BB52F32A75500314C63 /* PBXTargetDependency */,
			);
			name = lab_04_swift_uiUITests;
			productName = lab_04_swift_uiUITests;
			productReference = 180A1BB32F32A75500314C63 /* lab_04_swift_uiUITests.xctest */;
			productType = "com.apple.product-type.bundle.ui-testing";
		};
/* End PBXNativeTarget section */

/* Begin PBXProject section */
		180A1B912F32A75300314C63 /* Project object */ = {
			isa = PBXProject;
			attributes = {
				BuildIndependentTargetsInParallel = 1;
				LastSwiftUpdateCheck = 1420;
				LastUpgradeCheck = 1420;
				TargetAttributes = {
					180A1B982F32A75300314C63 = {
						CreatedOnToolsVersion = 14.2;
					};
					180A1BA82F32A75500314C63 = {
						CreatedOnToolsVersion = 14.2;
						TestTargetID = 180A1B982F32A75300314C63;
					};
					180A1BB22F32A75500314C63 = {
						CreatedOnToolsVersion = 14.2;
						TestTargetID = 180A1B982F32A75300314C63;
					};
				};
			};
			buildConfigurationList = 180A1B942F32A75300314C63 /* Build configuration list for PBXProject "lab_04_swift_ui" */;
			compatibilityVersion = "Xcode 14.0";
			developmentRegion = en;
			hasScannedForEncodings = 0;
			knownRegions = (
				en,
				Base,
			);
			mainGroup = 180A1B902F32A75300314C63;
			productRefGroup = 180A1B9A2F32A75300314C63 /* Products */;
			projectDirPath = "";
			projectRoot = "";
			targets = (
				180A1B982F32A75300314C63 /* lab_04_swift_ui */,
				180A1BA82F32A75500314C63 /* lab_04_swift_uiTests */,
				180A1BB22F32A75500314C63 /* lab_04_swift_uiUITests */,
			);
		};
/* End PBXProject section */

/* Begin PBXResourcesBuildPhase section */
		180A1B972F32A75300314C63 /* Resources */ = {
			isa = PBXResourcesBuildPhase;
			buildActionMask = 2147483647;
			files = (
				180A1BA42F32A75500314C63 /* Preview Assets.xcassets in Resources */,
				180A1BA12F32A75500314C63 /* Assets.xcassets in Resources */,
			);
			runOnlyForDeploymentPostprocessing = 0;
		};
		180A1BA72F32A75500314C63 /* Resources */ = {
			isa = PBXResourcesBuildPhase;
			buildActionMask = 2147483647;
			files = (
			);
			runOnlyForDeploymentPostprocessing = 0;
		};
		180A1BB12F32A75500314C63 /* Resources */ = {
			isa = PBXResourcesBuildPhase;
			buildActionMask = 2147483647;
			files = (
			);
			runOnlyForDeploymentPostprocessing = 0;
		};
/* End PBXResourcesBuildPhase section */

/* Begin PBXSourcesBuildPhase section */
		180A1B952F32A75300314C63 /* Sources */ = {
			isa = PBXSourcesBuildPhase;
			buildActionMask = 2147483647;
			files = (
				180A1B9F2F32A75300314C63 /* ContentView.swift in Sources */,
				180A1B9D2F32A75300314C63 /* lab_04_swift_uiApp.swift in Sources */,
			);
			runOnlyForDeploymentPostprocessing = 0;
		};
		180A1BA52F32A75500314C63 /* Sources */ = {
			isa = PBXSourcesBuildPhase;
			buildActionMask = 2147483647;
			files = (
				180A1BAE2F32A75500314C63 /* lab_04_swift_uiTests.swift in Sources */,
			);
			runOnlyForDeploymentPostprocessing = 0;
		};
		180A1BAF2F32A75500314C63 /* Sources */ = {
			isa = PBXSourcesBuildPhase;
			buildActionMask = 2147483647;
			files = (
				180A1BBA2F32A75500314C63 /* lab_04_swift_uiUITestsLaunchTests.swift in Sources */,
				180A1BB82F32A75500314C63 /* lab_04_swift_uiUITests.swift in Sources */,
			);
			runOnlyForDeploymentPostprocessing = 0;
		};
/* End PBXSourcesBuildPhase section */

/* Begin PBXTargetDependency section */
		180A1BAB2F32A75500314C63 /* PBXTargetDependency */ = {
			isa = PBXTargetDependency;
			target = 180A1B982F32A75300314C63 /* lab_04_swift_ui */;
			targetProxy = 180A1BAA2F32A75500314C63 /* PBXContainerItemProxy */;
		};
		180A1BB52F32A75500314C63 /* PBXTargetDependency */ = {
			isa = PBXTargetDependency;
			target = 180A1B982F32A75300314C63 /* lab_04_swift_ui */;
			targetProxy = 180A1BB42F32A75500314C63 /* PBXContainerItemProxy */;
		};
/* End PBXTargetDependency section */

/* Begin XCBuildConfiguration section */
		180A1BBB2F32A75500314C63 /* Debug */ = {
			isa = XCBuildConfiguration;
			buildSettings = {
				ALWAYS_SEARCH_USER_PATHS = NO;
				CLANG_ANALYZER_NONNULL = YES;
				CLANG_ANALYZER_NUMBER_OBJECT_CONVERSION = YES_AGGRESSIVE;
				CLANG_CXX_LANGUAGE_STANDARD = "gnu++20";
				CLANG_ENABLE_MODULES = YES;
				CLANG_ENABLE_OBJC_ARC = YES;
				CLANG_ENABLE_OBJC_WEAK = YES;
				CLANG_WARN_BLOCK_CAPTURE_AUTORELEASING = YES;
				CLANG_WARN_BOOL_CONVERSION = YES;
				CLANG_WARN_COMMA = YES;
				CLANG_WARN_CONSTANT_CONVERSION = YES;
				CLANG_WARN_DEPRECATED_OBJC_IMPLEMENTATIONS = YES;
				CLANG_WARN_DIRECT_OBJC_ISA_USAGE = YES_ERROR;
				CLANG_WARN_DOCUMENTATION_COMMENTS = YES;
				CLANG_WARN_EMPTY_BODY = YES;
				CLANG_WARN_ENUM_CONVERSION = YES;
				CLANG_WARN_INFINITE_RECURSION = YES;
				CLANG_WARN_INT_CONVERSION = YES;
				CLANG_WARN_NON_LITERAL_NULL_CONVERSION = YES;
				CLANG_WARN_OBJC_IMPLICIT_RETAIN_SELF = YES;
				CLANG_WARN_OBJC_LITERAL_CONVERSION = YES;
				CLANG_WARN_OBJC_ROOT_CLASS = YES_ERROR;
				CLANG_WARN_QUOTED_INCLUDE_IN_FRAMEWORK_HEADER = YES;
				CLANG_WARN_RANGE_LOOP_ANALYSIS = YES;
				CLANG_WARN_STRICT_PROTOTYPES = YES;
				CLANG_WARN_SUSPICIOUS_MOVE = YES;
				CLANG_WARN_UNGUARDED_AVAILABILITY = YES_AGGRESSIVE;
				CLANG_WARN_UNREACHABLE_CODE = YES;
				CLANG_WARN__DUPLICATE_METHOD_MATCH = YES;
				COPY_PHASE_STRIP = NO;
				DEBUG_INFORMATION_FORMAT = dwarf;
				ENABLE_STRICT_OBJC_MSGSEND = YES;
				ENABLE_TESTABILITY = YES;
				GCC_C_LANGUAGE_STANDARD = gnu11;
				GCC_DYNAMIC_NO_PIC = NO;
				GCC_NO_COMMON_BLOCKS = YES;
				GCC_OPTIMIZATION_LEVEL = 0;
				GCC_PREPROCESSOR_DEFINITIONS = (
					"DEBUG=1",
					"$(inherited)",
				);
				GCC_WARN_64_TO_32_BIT_CONVERSION = YES;
				GCC_WARN_ABOUT_RETURN_TYPE = YES_ERROR;
				GCC_WARN_UNDECLARED_SELECTOR = YES;
				GCC_WARN_UNINITIALIZED_AUTOS = YES_AGGRESSIVE;
				GCC_WARN_UNUSED_FUNCTION = YES;
				GCC_WARN_UNUSED_VARIABLE = YES;
				IPHONEOS_DEPLOYMENT_TARGET = 16.2;
				MTL_ENABLE_DEBUG_INFO = INCLUDE_SOURCE;
				MTL_FAST_MATH = YES;
				ONLY_ACTIVE_ARCH = YES;
				SDKROOT = iphoneos;
				SWIFT_ACTIVE_COMPILATION_CONDITIONS = DEBUG;
				SWIFT_OPTIMIZATION_LEVEL = "-Onone";
			};
			name = Debug;
		};
		180A1BBC2F32A75500314C63 /* Release */ = {
			isa = XCBuildConfiguration;
			buildSettings = {
				ALWAYS_SEARCH_USER_PATHS = NO;
				CLANG_ANALYZER_NONNULL = YES;
				CLANG_ANALYZER_NUMBER_OBJECT_CONVERSION = YES_AGGRESSIVE;
				CLANG_CXX_LANGUAGE_STANDARD = "gnu++20";
				CLANG_ENABLE_MODULES = YES;
				CLANG_ENABLE_OBJC_ARC = YES;
				CLANG_ENABLE_OBJC_WEAK = YES;
				CLANG_WARN_BLOCK_CAPTURE_AUTORELEASING = YES;
				CLANG_WARN_BOOL_CONVERSION = YES;
				CLANG_WARN_COMMA = YES;
				CLANG_WARN_CONSTANT_CONVERSION = YES;
				CLANG_WARN_DEPRECATED_OBJC_IMPLEMENTATIONS = YES;
				CLANG_WARN_DIRECT_OBJC_ISA_USAGE = YES_ERROR;
				CLANG_WARN_DOCUMENTATION_COMMENTS = YES;
				CLANG_WARN_EMPTY_BODY = YES;
				CLANG_WARN_ENUM_CONVERSION = YES;
				CLANG_WARN_INFINITE_RECURSION = YES;
				CLANG_WARN_INT_CONVERSION = YES;
				CLANG_WARN_NON_LITERAL_NULL_CONVERSION = YES;
				CLANG_WARN_OBJC_IMPLICIT_RETAIN_SELF = YES;
				CLANG_WARN_OBJC_LITERAL_CONVERSION = YES;
				CLANG_WARN_OBJC_ROOT_CLASS = YES_ERROR;
				CLANG_WARN_QUOTED_INCLUDE_IN_FRAMEWORK_HEADER = YES;
				CLANG_WARN_RANGE_LOOP_ANALYSIS = YES;
				CLANG_WARN_STRICT_PROTOTYPES = YES;
				CLANG_WARN_SUSPICIOUS_MOVE = YES;
				CLANG_WARN_UNGUARDED_AVAILABILITY = YES_AGGRESSIVE;
				CLANG_WARN_UNREACHABLE_CODE = YES;
				CLANG_WARN__DUPLICATE_METHOD_MATCH = YES;
				COPY_PHASE_STRIP = NO;
				DEBUG_INFORMATION_FORMAT = "dwarf-with-dsym";
				ENABLE_NS_ASSERTIONS = NO;
				ENABLE_STRICT_OBJC_MSGSEND = YES;
				GCC_C_LANGUAGE_STANDARD = gnu11;
				GCC_NO_COMMON_BLOCKS = YES;
				GCC_WARN_64_TO_32_BIT_CONVERSION = YES;
				GCC_WARN_ABOUT_RETURN_TYPE = YES_ERROR;
				GCC_WARN_UNDECLARED_SELECTOR = YES;
				GCC_WARN_UNINITIALIZED_AUTOS = YES_AGGRESSIVE;
				GCC_WARN_UNUSED_FUNCTION = YES;
				GCC_WARN_UNUSED_VARIABLE = YES;
				IPHONEOS_DEPLOYMENT_TARGET = 16.2;
				MTL_ENABLE_DEBUG_INFO = NO;
				MTL_FAST_MATH = YES;
				SDKROOT = iphoneos;
				SWIFT_COMPILATION_MODE = wholemodule;
				SWIFT_OPTIMIZATION_LEVEL = "-O";
				VALIDATE_PRODUCT = YES;
			};
			name = Release;
		};
		180A1BBE2F32A75500314C63 /* Debug */ = {
			isa = XCBuildConfiguration;
			buildSettings = {
				ASSETCATALOG_COMPILER_APPICON_NAME = AppIcon;
				ASSETCATALOG_COMPILER_GLOBAL_ACCENT_COLOR_NAME = AccentColor;
				CODE_SIGN_STYLE = Automatic;
				CURRENT_PROJECT_VERSION = 1;
				DEVELOPMENT_ASSET_PATHS = "\"lab_04_swift_ui/Preview Content\"";
				ENABLE_PREVIEWS = YES;
				GENERATE_INFOPLIST_FILE = YES;
				INFOPLIST_KEY_UIApplicationSceneManifest_Generation = YES;
				INFOPLIST_KEY_UIApplicationSupportsIndirectInputEvents = YES;
				INFOPLIST_KEY_UILaunchScreen_Generation = YES;
				INFOPLIST_KEY_UISupportedInterfaceOrientations_iPad = "UIInterfaceOrientationPortrait UIInterfaceOrientationPortraitUpsideDown UIInterfaceOrientationLandscapeLeft UIInterfaceOrientationLandscapeRight";
				INFOPLIST_KEY_UISupportedInterfaceOrientations_iPhone = "UIInterfaceOrientationPortrait UIInterfaceOrientationLandscapeLeft UIInterfaceOrientationLandscapeRight";
				LD_RUNPATH_SEARCH_PATHS = (
					"$(inherited)",
					"@executable_path/Frameworks",
				);
				MARKETING_VERSION = 1.0;
				PRODUCT_BUNDLE_IDENTIFIER = "com.lab-04-swift-ui";
				PRODUCT_NAME = "$(TARGET_NAME)";
				SWIFT_EMIT_LOC_STRINGS = YES;
				SWIFT_VERSION = 5.0;
				TARGETED_DEVICE_FAMILY = "1,2";
			};
			name = Debug;
		};
		180A1BBF2F32A75500314C63 /* Release */ = {
			isa = XCBuildConfiguration;
			buildSettings = {
				ASSETCATALOG_COMPILER_APPICON_NAME = AppIcon;
				ASSETCATALOG_COMPILER_GLOBAL_ACCENT_COLOR_NAME = AccentColor;
				CODE_SIGN_STYLE = Automatic;
				CURRENT_PROJECT_VERSION = 1;
				DEVELOPMENT_ASSET_PATHS = "\"lab_04_swift_ui/Preview Content\"";
				ENABLE_PREVIEWS = YES;
				GENERATE_INFOPLIST_FILE = YES;
				INFOPLIST_KEY_UIApplicationSceneManifest_Generation = YES;
				INFOPLIST_KEY_UIApplicationSupportsIndirectInputEvents = YES;
				INFOPLIST_KEY_UILaunchScreen_Generation = YES;
				INFOPLIST_KEY_UISupportedInterfaceOrientations_iPad = "UIInterfaceOrientationPortrait UIInterfaceOrientationPortraitUpsideDown UIInterfaceOrientationLandscapeLeft UIInterfaceOrientationLandscapeRight";
				INFOPLIST_KEY_UISupportedInterfaceOrientations_iPhone = "UIInterfaceOrientationPortrait UIInterfaceOrientationLandscapeLeft UIInterfaceOrientationLandscapeRight";
				LD_RUNPATH_SEARCH_PATHS = (
					"$(inherited)",
					"@executable_path/Frameworks",
				);
				MARKETING_VERSION = 1.0;
				PRODUCT_BUNDLE_IDENTIFIER = "com.lab-04-swift-ui";
				PRODUCT_NAME = "$(TARGET_NAME)";
				SWIFT_EMIT_LOC_STRINGS = YES;
				SWIFT_VERSION = 5.0;
				TARGETED_DEVICE_FAMILY = "1,2";
			};
			name = Release;
		};
		180A1BC12F32A75500314C63 /* Debug */ = {
			isa = XCBuildConfiguration;
			buildSettings = {
				ALWAYS_EMBED_SWIFT_STANDARD_LIBRARIES = YES;
				BUNDLE_LOADER = "$(TEST_HOST)";
				CODE_SIGN_STYLE = Automatic;
				CURRENT_PROJECT_VERSION = 1;
				GENERATE_INFOPLIST_FILE = YES;
				IPHONEOS_DEPLOYMENT_TARGET = 16.2;
				MARKETING_VERSION = 1.0;
				PRODUCT_BUNDLE_IDENTIFIER = "com.lab-04-swift-uiTests";
				PRODUCT_NAME = "$(TARGET_NAME)";
				SWIFT_EMIT_LOC_STRINGS = NO;
				SWIFT_VERSION = 5.0;
				TARGETED_DEVICE_FAMILY = "1,2";
				TEST_HOST = "$(BUILT_PRODUCTS_DIR)/lab_04_swift_ui.app/$(BUNDLE_EXECUTABLE_FOLDER_PATH)/lab_04_swift_ui";
			};
			name = Debug;
		};
		180A1BC22F32A75500314C63 /* Release */ = {
			isa = XCBuildConfiguration;
			buildSettings = {
				ALWAYS_EMBED_SWIFT_STANDARD_LIBRARIES = YES;
				BUNDLE_LOADER = "$(TEST_HOST)";
				CODE_SIGN_STYLE = Automatic;
				CURRENT_PROJECT_VERSION = 1;
				GENERATE_INFOPLIST_FILE = YES;
				IPHONEOS_DEPLOYMENT_TARGET = 16.2;
				MARKETING_VERSION = 1.0;
				PRODUCT_BUNDLE_IDENTIFIER = "com.lab-04-swift-uiTests";
				PRODUCT_NAME = "$(TARGET_NAME)";
				SWIFT_EMIT_LOC_STRINGS = NO;
				SWIFT_VERSION = 5.0;
				TARGETED_DEVICE_FAMILY = "1,2";
				TEST_HOST = "$(BUILT_PRODUCTS_DIR)/lab_04_swift_ui.app/$(BUNDLE_EXECUTABLE_FOLDER_PATH)/lab_04_swift_ui";
			};
			name = Release;
		};
		180A1BC42F32A75500314C63 /* Debug */ = {
			isa = XCBuildConfiguration;
			buildSettings = {
				ALWAYS_EMBED_SWIFT_STANDARD_LIBRARIES = YES;
				CODE_SIGN_STYLE = Automatic;
				CURRENT_PROJECT_VERSION = 1;
				GENERATE_INFOPLIST_FILE = YES;
				MARKETING_VERSION = 1.0;
				PRODUCT_BUNDLE_IDENTIFIER = "com.lab-04-swift-uiUITests";
				PRODUCT_NAME = "$(TARGET_NAME)";
				SWIFT_EMIT_LOC_STRINGS = NO;
				SWIFT_VERSION = 5.0;
				TARGETED_DEVICE_FAMILY = "1,2";
				TEST_TARGET_NAME = lab_04_swift_ui;
			};
			name = Debug;
		};
		180A1BC52F32A75500314C63 /* Release */ = {
			isa = XCBuildConfiguration;
			buildSettings = {
				ALWAYS_EMBED_SWIFT_STANDARD_LIBRARIES = YES;
				CODE_SIGN_STYLE = Automatic;
				CURRENT_PROJECT_VERSION = 1;
				GENERATE_INFOPLIST_FILE = YES;
				MARKETING_VERSION = 1.0;
				PRODUCT_BUNDLE_IDENTIFIER = "com.lab-04-swift-uiUITests";
				PRODUCT_NAME = "$(TARGET_NAME)";
				SWIFT_EMIT_LOC_STRINGS = NO;
				SWIFT_VERSION = 5.0;
				TARGETED_DEVICE_FAMILY = "1,2";
				TEST_TARGET_NAME = lab_04_swift_ui;
			};
			name = Release;
		};
/* End XCBuildConfiguration section */

/* Begin XCConfigurationList section */
		180A1B942F32A75300314C63 /* Build configuration list for PBXProject "lab_04_swift_ui" */ = {
			isa = XCConfigurationList;
			buildConfigurations = (
				180A1BBB2F32A75500314C63 /* Debug */,
				180A1BBC2F32A75500314C63 /* Release */,
			);
			defaultConfigurationIsVisible = 0;
			defaultConfigurationName = Release;
		};
		180A1BBD2F32A75500314C63 /* Build configuration list for PBXNativeTarget "lab_04_swift_ui" */ = {
			isa = XCConfigurationList;
			buildConfigurations = (
				180A1BBE2F32A75500314C63 /* Debug */,
				180A1BBF2F32A75500314C63 /* Release */,
			);
			defaultConfigurationIsVisible = 0;
			defaultConfigurationName = Release;
		};
		180A1BC02F32A75500314C63 /* Build configuration list for PBXNativeTarget "lab_04_swift_uiTests" */ = {
			isa = XCConfigurationList;
			buildConfigurations = (
				180A1BC12F32A75500314C63 /* Debug */,
				180A1BC22F32A75500314C63 /* Release */,
			);
			defaultConfigurationIsVisible = 0;
			defaultConfigurationName = Release;
		};
		180A1BC32F32A75500314C63 /* Build configuration list for PBXNativeTarget "lab_04_swift_uiUITests" */ = {
			isa = XCConfigurationList;
			buildConfigurations = (
				180A1BC42F32A75500314C63 /* Debug */,
				180A1BC52F32A75500314C63 /* Release */,
			);
			defaultConfigurationIsVisible = 0;
			defaultConfigurationName = Release;
		};
/* End XCConfigurationList section */
	};
	rootObject = 180A1B912F32A75300314C63 /* Project object */;
}
