// !$*UTF8*$!
{
	archiveVersion = 1;
	classes = {
	};
	objectVersion = 56;
	objects = {

/* Begin PBXBuildFile section */
		18C0FCF52F4514AF00897BE0 /* lab_05_swiftuiApp.swift in Sources */ = {isa = PBXBuildFile; fileRef = 18C0FCF42F4514AF00897BE0 /* lab_05_swiftuiApp.swift */; };
		18C0FCF72F4514AF00897BE0 /* ContentView.swift in Sources */ = {isa = PBXBuildFile; fileRef = 18C0FCF62F4514AF00897BE0 /* ContentView.swift */; };
		18C0FCF92F4514B000897BE0 /* Assets.xcassets in Resources */ = {isa = PBXBuildFile; fileRef = 18C0FCF82F4514B000897BE0 /* Assets.xcassets */; };
		18C0FCFC2F4514B000897BE0 /* Preview Assets.xcassets in Resources */ = {isa = PBXBuildFile; fileRef = 18C0FCFB2F4514B000897BE0 /* Preview Assets.xcassets */; };
		18C0FD062F4514B000897BE0 /* lab_05_swiftuiTests.swift in Sources */ = {isa = PBXBuildFile; fileRef = 18C0FD052F4514B000897BE0 /* lab_05_swiftuiTests.swift */; };
		18C0FD102F4514B000897BE0 /* lab_05_swiftuiUITests.swift in Sources */ = {isa = PBXBuildFile; fileRef = 18C0FD0F2F4514B000897BE0 /* lab_05_swiftuiUITests.swift */; };
		18C0FD122F4514B000897BE0 /* lab_05_swiftuiUITestsLaunchTests.swift in Sources */ = {isa = PBXBuildFile; fileRef = 18C0FD112F4514B000897BE0 /* lab_05_swiftuiUITestsLaunchTests.swift */; };
/* End PBXBuildFile section */

/* Begin PBXContainerItemProxy section */
		18C0FD022F4514B000897BE0 /* PBXContainerItemProxy */ = {
			isa = PBXContainerItemProxy;
			containerPortal = 18C0FCE92F4514AF00897BE0 /* Project object */;
			proxyType = 1;
			remoteGlobalIDString = 18C0FCF02F4514AF00897BE0;
			remoteInfo = lab_05_swiftui;
		};
		18C0FD0C2F4514B000897BE0 /* PBXContainerItemProxy */ = {
			isa = PBXContainerItemProxy;
			containerPortal = 18C0FCE92F4514AF00897BE0 /* Project object */;
			proxyType = 1;
			remoteGlobalIDString = 18C0FCF02F4514AF00897BE0;
			remoteInfo = lab_05_swiftui;
		};
/* End PBXContainerItemProxy section */

/* Begin PBXFileReference section */
		18C0FCF12F4514AF00897BE0 /* lab_05_swiftui.app */ = {isa = PBXFileReference; explicitFileType = wrapper.application; includeInIndex = 0; path = lab_05_swiftui.app; sourceTree = BUILT_PRODUCTS_DIR; };
		18C0FCF42F4514AF00897BE0 /* lab_05_swiftuiApp.swift */ = {isa = PBXFileReference; lastKnownFileType = sourcecode.swift; path = lab_05_swiftuiApp.swift; sourceTree = "<group>"; };
		18C0FCF62F4514AF00897BE0 /* ContentView.swift */ = {isa = PBXFileReference; lastKnownFileType = sourcecode.swift; path = ContentView.swift; sourceTree = "<group>"; };
		18C0FCF82F4514B000897BE0 /* Assets.xcassets */ = {isa = PBXFileReference; lastKnownFileType = folder.assetcatalog; path = Assets.xcassets; sourceTree = "<group>"; };
		18C0FCFB2F4514B000897BE0 /* Preview Assets.xcassets */ = {isa = PBXFileReference; lastKnownFileType = folder.assetcatalog; path = "Preview Assets.xcassets"; sourceTree = "<group>"; };
		18C0FD012F4514B000897BE0 /* lab_05_swiftuiTests.xctest */ = {isa = PBXFileReference; explicitFileType = wrapper.cfbundle; includeInIndex = 0; path = lab_05_swiftuiTests.xctest; sourceTree = BUILT_PRODUCTS_DIR; };
		18C0FD052F4514B000897BE0 /* lab_05_swiftuiTests.swift */ = {isa = PBXFileReference; lastKnownFileType = sourcecode.swift; path = lab_05_swiftuiTests.swift; sourceTree = "<group>"; };
		18C0FD0B2F4514B000897BE0 /* lab_05_swiftuiUITests.xctest */ = {isa = PBXFileReference; explicitFileType = wrapper.cfbundle; includeInIndex = 0; path = lab_05_swiftuiUITests.xctest; sourceTree = BUILT_PRODUCTS_DIR; };
		18C0FD0F2F4514B000897BE0 /* lab_05_swiftuiUITests.swift */ = {isa = PBXFileReference; lastKnownFileType = sourcecode.swift; path = lab_05_swiftuiUITests.swift; sourceTree = "<group>"; };
		18C0FD112F4514B000897BE0 /* lab_05_swiftuiUITestsLaunchTests.swift */ = {isa = PBXFileReference; lastKnownFileType = sourcecode.swift; path = lab_05_swiftuiUITestsLaunchTests.swift; sourceTree = "<group>"; };
/* End PBXFileReference section */

/* Begin PBXFrameworksBuildPhase section */
		18C0FCEE2F4514AF00897BE0 /* Frameworks */ = {
			isa = PBXFrameworksBuildPhase;
			buildActionMask = 2147483647;
			files = (
			);
			runOnlyForDeploymentPostprocessing = 0;
		};
		18C0FCFE2F4514B000897BE0 /* Frameworks */ = {
			isa = PBXFrameworksBuildPhase;
			buildActionMask = 2147483647;
			files = (
			);
			runOnlyForDeploymentPostprocessing = 0;
		};
		18C0FD082F4514B000897BE0 /* Frameworks */ = {
			isa = PBXFrameworksBuildPhase;
			buildActionMask = 2147483647;
			files = (
			);
			runOnlyForDeploymentPostprocessing = 0;
		};
/* End PBXFrameworksBuildPhase section */

/* Begin PBXGroup section */
		18C0FCE82F4514AF00897BE0 = {
			isa = PBXGroup;
			children = (
				18C0FCF32F4514AF00897BE0 /* lab_05_swiftui */,
				18C0FD042F4514B000897BE0 /* lab_05_swiftuiTests */,
				18C0FD0E2F4514B000897BE0 /* lab_05_swiftuiUITests */,
				18C0FCF22F4514AF00897BE0 /* Products */,
			);
			sourceTree = "<group>";
		};
		18C0FCF22F4514AF00897BE0 /* Products */ = {
			isa = PBXGroup;
			children = (
				18C0FCF12F4514AF00897BE0 /* lab_05_swiftui.app */,
				18C0FD012F4514B000897BE0 /* lab_05_swiftuiTests.xctest */,
				18C0FD0B2F4514B000897BE0 /* lab_05_swiftuiUITests.xctest */,
			);
			name = Products;
			sourceTree = "<group>";
		};
		18C0FCF32F4514AF00897BE0 /* lab_05_swiftui */ = {
			isa = PBXGroup;
			children = (
				18C0FCF42F4514AF00897BE0 /* lab_05_swiftuiApp.swift */,
				18C0FCF62F4514AF00897BE0 /* ContentView.swift */,
				18C0FCF82F4514B000897BE0 /* Assets.xcassets */,
				18C0FCFA2F4514B000897BE0 /* Preview Content */,
			);
			path = lab_05_swiftui;
			sourceTree = "<group>";
		};
		18C0FCFA2F4514B000897BE0 /* Preview Content */ = {
			isa = PBXGroup;
			children = (
				18C0FCFB2F4514B000897BE0 /* Preview Assets.xcassets */,
			);
			path = "Preview Content";
			sourceTree = "<group>";
		};
		18C0FD042F4514B000897BE0 /* lab_05_swiftuiTests */ = {
			isa = PBXGroup;
			children = (
				18C0FD052F4514B000897BE0 /* lab_05_swiftuiTests.swift */,
			);
			path = lab_05_swiftuiTests;
			sourceTree = "<group>";
		};
		18C0FD0E2F4514B000897BE0 /* lab_05_swiftuiUITests */ = {
			isa = PBXGroup;
			children = (
				18C0FD0F2F4514B000897BE0 /* lab_05_swiftuiUITests.swift */,
				18C0FD112F4514B000897BE0 /* lab_05_swiftuiUITestsLaunchTests.swift */,
			);
			path = lab_05_swiftuiUITests;
			sourceTree = "<group>";
		};
/* End PBXGroup section */

/* Begin PBXNativeTarget section */
		18C0FCF02F4514AF00897BE0 /* lab_05_swiftui */ = {
			isa = PBXNativeTarget;
			buildConfigurationList = 18C0FD152F4514B000897BE0 /* Build configuration list for PBXNativeTarget "lab_05_swiftui" */;
			buildPhases = (
				18C0FCED2F4514AF00897BE0 /* Sources */,
				18C0FCEE2F4514AF00897BE0 /* Frameworks */,
				18C0FCEF2F4514AF00897BE0 /* Resources */,
			);
			buildRules = (
			);
			dependencies = (
			);
			name = lab_05_swiftui;
			productName = lab_05_swiftui;
			productReference = 18C0FCF12F4514AF00897BE0 /* lab_05_swiftui.app */;
			productType = "com.apple.product-type.application";
		};
		18C0FD002F4514B000897BE0 /* lab_05_swiftuiTests */ = {
			isa = PBXNativeTarget;
			buildConfigurationList = 18C0FD182F4514B000897BE0 /* Build configuration list for PBXNativeTarget "lab_05_swiftuiTests" */;
			buildPhases = (
				18C0FCFD2F4514B000897BE0 /* Sources */,
				18C0FCFE2F4514B000897BE0 /* Frameworks */,
				18C0FCFF2F4514B000897BE0 /* Resources */,
			);
			buildRules = (
			);
			dependencies = (
				18C0FD032F4514B000897BE0 /* PBXTargetDependency */,
			);
			name = lab_05_swiftuiTests;
			productName = lab_05_swiftuiTests;
			productReference = 18C0FD012F4514B000897BE0 /* lab_05_swiftuiTests.xctest */;
			productType = "com.apple.product-type.bundle.unit-test";
		};
		18C0FD0A2F4514B000897BE0 /* lab_05_swiftuiUITests */ = {
			isa = PBXNativeTarget;
			buildConfigurationList = 18C0FD1B2F4514B000897BE0 /* Build configuration list for PBXNativeTarget "lab_05_swiftuiUITests" */;
			buildPhases = (
				18C0FD072F4514B000897BE0 /* Sources */,
				18C0FD082F4514B000897BE0 /* Frameworks */,
				18C0FD092F4514B000897BE0 /* Resources */,
			);
			buildRules = (
			);
			dependencies = (
				18C0FD0D2F4514B000897BE0 /* PBXTargetDependency */,
			);
			name = lab_05_swiftuiUITests;
			productName = lab_05_swiftuiUITests;
			productReference = 18C0FD0B2F4514B000897BE0 /* lab_05_swiftuiUITests.xctest */;
			productType = "com.apple.product-type.bundle.ui-testing";
		};
/* End PBXNativeTarget section */

/* Begin PBXProject section */
		18C0FCE92F4514AF00897BE0 /* Project object */ = {
			isa = PBXProject;
			attributes = {
				BuildIndependentTargetsInParallel = 1;
				LastSwiftUpdateCheck = 1420;
				LastUpgradeCheck = 1420;
				TargetAttributes = {
					18C0FCF02F4514AF00897BE0 = {
						CreatedOnToolsVersion = 14.2;
					};
					18C0FD002F4514B000897BE0 = {
						CreatedOnToolsVersion = 14.2;
						TestTargetID = 18C0FCF02F4514AF00897BE0;
					};
					18C0FD0A2F4514B000897BE0 = {
						CreatedOnToolsVersion = 14.2;
						TestTargetID = 18C0FCF02F4514AF00897BE0;
					};
				};
			};
			buildConfigurationList = 18C0FCEC2F4514AF00897BE0 /* Build configuration list for PBXProject "lab_05_swiftui" */;
			compatibilityVersion = "Xcode 14.0";
			developmentRegion = en;
			hasScannedForEncodings = 0;
			knownRegions = (
				en,
				Base,
			);
			mainGroup = 18C0FCE82F4514AF00897BE0;
			productRefGroup = 18C0FCF22F4514AF00897BE0 /* Products */;
			projectDirPath = "";
			projectRoot = "";
			targets = (
				18C0FCF02F4514AF00897BE0 /* lab_05_swiftui */,
				18C0FD002F4514B000897BE0 /* lab_05_swiftuiTests */,
				18C0FD0A2F4514B000897BE0 /* lab_05_swiftuiUITests */,
			);
		};
/* End PBXProject section */

/* Begin PBXResourcesBuildPhase section */
		18C0FCEF2F4514AF00897BE0 /* Resources */ = {
			isa = PBXResourcesBuildPhase;
			buildActionMask = 2147483647;
			files = (
				18C0FCFC2F4514B000897BE0 /* Preview Assets.xcassets in Resources */,
				18C0FCF92F4514B000897BE0 /* Assets.xcassets in Resources */,
			);
			runOnlyForDeploymentPostprocessing = 0;
		};
		18C0FCFF2F4514B000897BE0 /* Resources */ = {
			isa = PBXResourcesBuildPhase;
			buildActionMask = 2147483647;
			files = (
			);
			runOnlyForDeploymentPostprocessing = 0;
		};
		18C0FD092F4514B000897BE0 /* Resources */ = {
			isa = PBXResourcesBuildPhase;
			buildActionMask = 2147483647;
			files = (
			);
			runOnlyForDeploymentPostprocessing = 0;
		};
/* End PBXResourcesBuildPhase section */

/* Begin PBXSourcesBuildPhase section */
		18C0FCED2F4514AF00897BE0 /* Sources */ = {
			isa = PBXSourcesBuildPhase;
			buildActionMask = 2147483647;
			files = (
				18C0FCF72F4514AF00897BE0 /* ContentView.swift in Sources */,
				18C0FCF52F4514AF00897BE0 /* lab_05_swiftuiApp.swift in Sources */,
			);
			runOnlyForDeploymentPostprocessing = 0;
		};
		18C0FCFD2F4514B000897BE0 /* Sources */ = {
			isa = PBXSourcesBuildPhase;
			buildActionMask = 2147483647;
			files = (
				18C0FD062F4514B000897BE0 /* lab_05_swiftuiTests.swift in Sources */,
			);
			runOnlyForDeploymentPostprocessing = 0;
		};
		18C0FD072F4514B000897BE0 /* Sources */ = {
			isa = PBXSourcesBuildPhase;
			buildActionMask = 2147483647;
			files = (
				18C0FD102F4514B000897BE0 /* lab_05_swiftuiUITests.swift in Sources */,
				18C0FD122F4514B000897BE0 /* lab_05_swiftuiUITestsLaunchTests.swift in Sources */,
			);
			runOnlyForDeploymentPostprocessing = 0;
		};
/* End PBXSourcesBuildPhase section */

/* Begin PBXTargetDependency section */
		18C0FD032F4514B000897BE0 /* PBXTargetDependency */ = {
			isa = PBXTargetDependency;
			target = 18C0FCF02F4514AF00897BE0 /* lab_05_swiftui */;
			targetProxy = 18C0FD022F4514B000897BE0 /* PBXContainerItemProxy */;
		};
		18C0FD0D2F4514B000897BE0 /* PBXTargetDependency */ = {
			isa = PBXTargetDependency;
			target = 18C0FCF02F4514AF00897BE0 /* lab_05_swiftui */;
			targetProxy = 18C0FD0C2F4514B000897BE0 /* PBXContainerItemProxy */;
		};
/* End PBXTargetDependency section */

/* Begin XCBuildConfiguration section */
		18C0FD132F4514B000897BE0 /* Debug */ = {
			isa = XCBuildConfiguration;
			buildSettings = {
				ALWAYS_SEARCH_USER_PATHS = NO;
				CLANG_ANALYZER_NONNULL = YES;
				CLANG_ANALYZER_NUMBER_OBJECT_CONVERSION = YES_AGGRESSIVE;
				CLANG_CXX_LANGUAGE_STANDARD = "gnu++20";
				CLANG_ENABLE_MODULES = YES;
				CLANG_ENABLE_OBJC_ARC = YES;
				CLANG_ENABLE_OBJC_WEAK = YES;
				CLANG_WARN_BLOCK_CAPTURE_AUTORELEASING = YES;
				CLANG_WARN_BOOL_CONVERSION = YES;
				CLANG_WARN_COMMA = YES;
				CLANG_WARN_CONSTANT_CONVERSION = YES;
				CLANG_WARN_DEPRECATED_OBJC_IMPLEMENTATIONS = YES;
				CLANG_WARN_DIRECT_OBJC_ISA_USAGE = YES_ERROR;
				CLANG_WARN_DOCUMENTATION_COMMENTS = YES;
				CLANG_WARN_EMPTY_BODY = YES;
				CLANG_WARN_ENUM_CONVERSION = YES;
				CLANG_WARN_INFINITE_RECURSION = YES;
				CLANG_WARN_INT_CONVERSION = YES;
				CLANG_WARN_NON_LITERAL_NULL_CONVERSION = YES;
				CLANG_WARN_OBJC_IMPLICIT_RETAIN_SELF = YES;
				CLANG_WARN_OBJC_LITERAL_CONVERSION = YES;
				CLANG_WARN_OBJC_ROOT_CLASS = YES_ERROR;
				CLANG_WARN_QUOTED_INCLUDE_IN_FRAMEWORK_HEADER = YES;
				CLANG_WARN_RANGE_LOOP_ANALYSIS = YES;
				CLANG_WARN_STRICT_PROTOTYPES = YES;
				CLANG_WARN_SUSPICIOUS_MOVE = YES;
				CLANG_WARN_UNGUARDED_AVAILABILITY = YES_AGGRESSIVE;
				CLANG_WARN_UNREACHABLE_CODE = YES;
				CLANG_WARN__DUPLICATE_METHOD_MATCH = YES;
				COPY_PHASE_STRIP = NO;
				DEBUG_INFORMATION_FORMAT = dwarf;
				ENABLE_STRICT_OBJC_MSGSEND = YES;
				ENABLE_TESTABILITY = YES;
				GCC_C_LANGUAGE_STANDARD = gnu11;
				GCC_DYNAMIC_NO_PIC = NO;
				GCC_NO_COMMON_BLOCKS = YES;
				GCC_OPTIMIZATION_LEVEL = 0;
				GCC_PREPROCESSOR_DEFINITIONS = (
					"DEBUG=1",
					"$(inherited)",
				);
				GCC_WARN_64_TO_32_BIT_CONVERSION = YES;
				GCC_WARN_ABOUT_RETURN_TYPE = YES_ERROR;
				GCC_WARN_UNDECLARED_SELECTOR = YES;
				GCC_WARN_UNINITIALIZED_AUTOS = YES_AGGRESSIVE;
				GCC_WARN_UNUSED_FUNCTION = YES;
				GCC_WARN_UNUSED_VARIABLE = YES;
				IPHONEOS_DEPLOYMENT_TARGET = 16.2;
				MTL_ENABLE_DEBUG_INFO = INCLUDE_SOURCE;
				MTL_FAST_MATH = YES;
				ONLY_ACTIVE_ARCH = YES;
				SDKROOT = iphoneos;
				SWIFT_ACTIVE_COMPILATION_CONDITIONS = DEBUG;
				SWIFT_OPTIMIZATION_LEVEL = "-Onone";
			};
			name = Debug;
		};
		18C0FD142F4514B000897BE0 /* Release */ = {
			isa = XCBuildConfiguration;
			buildSettings = {
				ALWAYS_SEARCH_USER_PATHS = NO;
				CLANG_ANALYZER_NONNULL = YES;
				CLANG_ANALYZER_NUMBER_OBJECT_CONVERSION = YES_AGGRESSIVE;
				CLANG_CXX_LANGUAGE_STANDARD = "gnu++20";
				CLANG_ENABLE_MODULES = YES;
				CLANG_ENABLE_OBJC_ARC = YES;
				CLANG_ENABLE_OBJC_WEAK = YES;
				CLANG_WARN_BLOCK_CAPTURE_AUTORELEASING = YES;
				CLANG_WARN_BOOL_CONVERSION = YES;
				CLANG_WARN_COMMA = YES;
				CLANG_WARN_CONSTANT_CONVERSION = YES;
				CLANG_WARN_DEPRECATED_OBJC_IMPLEMENTATIONS = YES;
				CLANG_WARN_DIRECT_OBJC_ISA_USAGE = YES_ERROR;
				CLANG_WARN_DOCUMENTATION_COMMENTS = YES;
				CLANG_WARN_EMPTY_BODY = YES;
				CLANG_WARN_ENUM_CONVERSION = YES;
				CLANG_WARN_INFINITE_RECURSION = YES;
				CLANG_WARN_INT_CONVERSION = YES;
				CLANG_WARN_NON_LITERAL_NULL_CONVERSION = YES;
				CLANG_WARN_OBJC_IMPLICIT_RETAIN_SELF = YES;
				CLANG_WARN_OBJC_LITERAL_CONVERSION = YES;
				CLANG_WARN_OBJC_ROOT_CLASS = YES_ERROR;
				CLANG_WARN_QUOTED_INCLUDE_IN_FRAMEWORK_HEADER = YES;
				CLANG_WARN_RANGE_LOOP_ANALYSIS = YES;
				CLANG_WARN_STRICT_PROTOTYPES = YES;
				CLANG_WARN_SUSPICIOUS_MOVE = YES;
				CLANG_WARN_UNGUARDED_AVAILABILITY = YES_AGGRESSIVE;
				CLANG_WARN_UNREACHABLE_CODE = YES;
				CLANG_WARN__DUPLICATE_METHOD_MATCH = YES;
				COPY_PHASE_STRIP = NO;
				DEBUG_INFORMATION_FORMAT = "dwarf-with-dsym";
				ENABLE_NS_ASSERTIONS = NO;
				ENABLE_STRICT_OBJC_MSGSEND = YES;
				GCC_C_LANGUAGE_STANDARD = gnu11;
				GCC_NO_COMMON_BLOCKS = YES;
				GCC_WARN_64_TO_32_BIT_CONVERSION = YES;
				GCC_WARN_ABOUT_RETURN_TYPE = YES_ERROR;
				GCC_WARN_UNDECLARED_SELECTOR = YES;
				GCC_WARN_UNINITIALIZED_AUTOS = YES_AGGRESSIVE;
				GCC_WARN_UNUSED_FUNCTION = YES;
				GCC_WARN_UNUSED_VARIABLE = YES;
				IPHONEOS_DEPLOYMENT_TARGET = 16.2;
				MTL_ENABLE_DEBUG_INFO = NO;
				MTL_FAST_MATH = YES;
				SDKROOT = iphoneos;
				SWIFT_COMPILATION_MODE = wholemodule;
				SWIFT_OPTIMIZATION_LEVEL = "-O";
				VALIDATE_PRODUCT = YES;
			};
			name = Release;
		};
		18C0FD162F4514B000897BE0 /* Debug */ = {
			isa = XCBuildConfiguration;
			buildSettings = {
				ASSETCATALOG_COMPILER_APPICON_NAME = AppIcon;
				ASSETCATALOG_COMPILER_GLOBAL_ACCENT_COLOR_NAME = AccentColor;
				CODE_SIGN_STYLE = Automatic;
				CURRENT_PROJECT_VERSION = 1;
				DEVELOPMENT_ASSET_PATHS = "\"lab_05_swiftui/Preview Content\"";
				ENABLE_PREVIEWS = YES;
				GENERATE_INFOPLIST_FILE = YES;
				INFOPLIST_KEY_UIApplicationSceneManifest_Generation = YES;
				INFOPLIST_KEY_UIApplicationSupportsIndirectInputEvents = YES;
				INFOPLIST_KEY_UILaunchScreen_Generation = YES;
				INFOPLIST_KEY_UISupportedInterfaceOrientations_iPad = "UIInterfaceOrientationPortrait UIInterfaceOrientationPortraitUpsideDown UIInterfaceOrientationLandscapeLeft UIInterfaceOrientationLandscapeRight";
				INFOPLIST_KEY_UISupportedInterfaceOrientations_iPhone = "UIInterfaceOrientationPortrait UIInterfaceOrientationLandscapeLeft UIInterfaceOrientationLandscapeRight";
				LD_RUNPATH_SEARCH_PATHS = (
					"$(inherited)",
					"@executable_path/Frameworks",
				);
				MARKETING_VERSION = 1.0;
				PRODUCT_BUNDLE_IDENTIFIER = "com.lab-05-swiftui";
				PRODUCT_NAME = "$(TARGET_NAME)";
				SWIFT_EMIT_LOC_STRINGS = YES;
				SWIFT_VERSION = 5.0;
				TARGETED_DEVICE_FAMILY = "1,2";
			};
			name = Debug;
		};
		18C0FD172F4514B000897BE0 /* Release */ = {
			isa = XCBuildConfiguration;
			buildSettings = {
				ASSETCATALOG_COMPILER_APPICON_NAME = AppIcon;
				ASSETCATALOG_COMPILER_GLOBAL_ACCENT_COLOR_NAME = AccentColor;
				CODE_SIGN_STYLE = Automatic;
				CURRENT_PROJECT_VERSION = 1;
				DEVELOPMENT_ASSET_PATHS = "\"lab_05_swiftui/Preview Content\"";
				ENABLE_PREVIEWS = YES;
				GENERATE_INFOPLIST_FILE = YES;
				INFOPLIST_KEY_UIApplicationSceneManifest_Generation = YES;
				INFOPLIST_KEY_UIApplicationSupportsIndirectInputEvents = YES;
				INFOPLIST_KEY_UILaunchScreen_Generation = YES;
				INFOPLIST_KEY_UISupportedInterfaceOrientations_iPad = "UIInterfaceOrientationPortrait UIInterfaceOrientationPortraitUpsideDown UIInterfaceOrientationLandscapeLeft UIInterfaceOrientationLandscapeRight";
				INFOPLIST_KEY_UISupportedInterfaceOrientations_iPhone = "UIInterfaceOrientationPortrait UIInterfaceOrientationLandscapeLeft UIInterfaceOrientationLandscapeRight";
				LD_RUNPATH_SEARCH_PATHS = (
					"$(inherited)",
					"@executable_path/Frameworks",
				);
				MARKETING_VERSION = 1.0;
				PRODUCT_BUNDLE_IDENTIFIER = "com.lab-05-swiftui";
				PRODUCT_NAME = "$(TARGET_NAME)";
				SWIFT_EMIT_LOC_STRINGS = YES;
				SWIFT_VERSION = 5.0;
				TARGETED_DEVICE_FAMILY = "1,2";
			};
			name = Release;
		};
		18C0FD192F4514B000897BE0 /* Debug */ = {
			isa = XCBuildConfiguration;
			buildSettings = {
				ALWAYS_EMBED_SWIFT_STANDARD_LIBRARIES = YES;
				BUNDLE_LOADER = "$(TEST_HOST)";
				CODE_SIGN_STYLE = Automatic;
				CURRENT_PROJECT_VERSION = 1;
				GENERATE_INFOPLIST_FILE = YES;
				IPHONEOS_DEPLOYMENT_TARGET = 16.2;
				MARKETING_VERSION = 1.0;
				PRODUCT_BUNDLE_IDENTIFIER = "com.lab-05-swiftuiTests";
				PRODUCT_NAME = "$(TARGET_NAME)";
				SWIFT_EMIT_LOC_STRINGS = NO;
				SWIFT_VERSION = 5.0;
				TARGETED_DEVICE_FAMILY = "1,2";
				TEST_HOST = "$(BUILT_PRODUCTS_DIR)/lab_05_swiftui.app/$(BUNDLE_EXECUTABLE_FOLDER_PATH)/lab_05_swiftui";
			};
			name = Debug;
		};
		18C0FD1A2F4514B000897BE0 /* Release */ = {
			isa = XCBuildConfiguration;
			buildSettings = {
				ALWAYS_EMBED_SWIFT_STANDARD_LIBRARIES = YES;
				BUNDLE_LOADER = "$(TEST_HOST)";
				CODE_SIGN_STYLE = Automatic;
				CURRENT_PROJECT_VERSION = 1;
				GENERATE_INFOPLIST_FILE = YES;
				IPHONEOS_DEPLOYMENT_TARGET = 16.2;
				MARKETING_VERSION = 1.0;
				PRODUCT_BUNDLE_IDENTIFIER = "com.lab-05-swiftuiTests";
				PRODUCT_NAME = "$(TARGET_NAME)";
				SWIFT_EMIT_LOC_STRINGS = NO;
				SWIFT_VERSION = 5.0;
				TARGETED_DEVICE_FAMILY = "1,2";
				TEST_HOST = "$(BUILT_PRODUCTS_DIR)/lab_05_swiftui.app/$(BUNDLE_EXECUTABLE_FOLDER_PATH)/lab_05_swiftui";
			};
			name = Release;
		};
		18C0FD1C2F4514B000897BE0 /* Debug */ = {
			isa = XCBuildConfiguration;
			buildSettings = {
				ALWAYS_EMBED_SWIFT_STANDARD_LIBRARIES = YES;
				CODE_SIGN_STYLE = Automatic;
				CURRENT_PROJECT_VERSION = 1;
				GENERATE_INFOPLIST_FILE = YES;
				MARKETING_VERSION = 1.0;
				PRODUCT_BUNDLE_IDENTIFIER = "com.lab-05-swiftuiUITests";
				PRODUCT_NAME = "$(TARGET_NAME)";
				SWIFT_EMIT_LOC_STRINGS = NO;
				SWIFT_VERSION = 5.0;
				TARGETED_DEVICE_FAMILY = "1,2";
				TEST_TARGET_NAME = lab_05_swiftui;
			};
			name = Debug;
		};
		18C0FD1D2F4514B000897BE0 /* Release */ = {
			isa = XCBuildConfiguration;
			buildSettings = {
				ALWAYS_EMBED_SWIFT_STANDARD_LIBRARIES = YES;
				CODE_SIGN_STYLE = Automatic;
				CURRENT_PROJECT_VERSION = 1;
				GENERATE_INFOPLIST_FILE = YES;
				MARKETING_VERSION = 1.0;
				PRODUCT_BUNDLE_IDENTIFIER = "com.lab-05-swiftuiUITests";
				PRODUCT_NAME = "$(TARGET_NAME)";
				SWIFT_EMIT_LOC_STRINGS = NO;
				SWIFT_VERSION = 5.0;
				TARGETED_DEVICE_FAMILY = "1,2";
				TEST_TARGET_NAME = lab_05_swiftui;
			};
			name = Release;
		};
/* End XCBuildConfiguration section */

/* Begin XCConfigurationList section */
		18C0FCEC2F4514AF00897BE0 /* Build configuration list for PBXProject "lab_05_swiftui" */ = {
			isa = XCConfigurationList;
			buildConfigurations = (
				18C0FD132F4514B000897BE0 /* Debug */,
				18C0FD142F4514B000897BE0 /* Release */,
			);
			defaultConfigurationIsVisible = 0;
			defaultConfigurationName = Release;
		};
		18C0FD152F4514B000897BE0 /* Build configuration list for PBXNativeTarget "lab_05_swiftui" */ = {
			isa = XCConfigurationList;
			buildConfigurations = (
				18C0FD162F4514B000897BE0 /* Debug */,
				18C0FD172F4514B000897BE0 /* Release */,
			);
			defaultConfigurationIsVisible = 0;
			defaultConfigurationName = Release;
		};
		18C0FD182F4514B000897BE0 /* Build configuration list for PBXNativeTarget "lab_05_swiftuiTests" */ = {
			isa = XCConfigurationList;
			buildConfigurations = (
				18C0FD192F4514B000897BE0 /* Debug */,
				18C0FD1A2F4514B000897BE0 /* Release */,
			);
			defaultConfigurationIsVisible = 0;
			defaultConfigurationName = Release;
		};
		18C0FD1B2F4514B000897BE0 /* Build configuration list for PBXNativeTarget "lab_05_swiftuiUITests" */ = {
			isa = XCConfigurationList;
			buildConfigurations = (
				18C0FD1C2F4514B000897BE0 /* Debug */,
				18C0FD1D2F4514B000897BE0 /* Release */,
			);
			defaultConfigurationIsVisible = 0;
			defaultConfigurationName = Release;
		};
/* End XCConfigurationList section */
	};
	rootObject = 18C0FCE92F4514AF00897BE0 /* Project object */;
}
