// !$*UTF8*$!
{
	archiveVersion = 1;
	classes = {
	};
	objectVersion = 56;
	objects = {

/* Begin PBXBuildFile section */
		18986B412F69EB0D00C5388C /* lab_07App.swift in Sources */ = {isa = PBXBuildFile; fileRef = 18986B402F69EB0D00C5388C /* lab_07App.swift */; };
		18986B432F69EB0D00C5388C /* ContentView.swift in Sources */ = {isa = PBXBuildFile; fileRef = 18986B422F69EB0D00C5388C /* ContentView.swift */; };
		18986B452F69EB0F00C5388C /* Assets.xcassets in Resources */ = {isa = PBXBuildFile; fileRef = 18986B442F69EB0F00C5388C /* Assets.xcassets */; };
		18986B482F69EB0F00C5388C /* Preview Assets.xcassets in Resources */ = {isa = PBXBuildFile; fileRef = 18986B472F69EB0F00C5388C /* Preview Assets.xcassets */; };
		18986B4A2F69EB0F00C5388C /* Persistence.swift in Sources */ = {isa = PBXBuildFile; fileRef = 18986B492F69EB0F00C5388C /* Persistence.swift */; };
		18986B4D2F69EB0F00C5388C /* lab_07.xcdatamodeld in Sources */ = {isa = PBXBuildFile; fileRef = 18986B4B2F69EB0F00C5388C /* lab_07.xcdatamodeld */; };
		18986B542F69ECCF00C5388C /* MultipleSelectionRow.swift in Sources */ = {isa = PBXBuildFile; fileRef = 18986B532F69ECCF00C5388C /* MultipleSelectionRow.swift */; };
		18986B562F69ED6D00C5388C /* StudentFormView.swift in Sources */ = {isa = PBXBuildFile; fileRef = 18986B552F69ED6D00C5388C /* StudentFormView.swift */; };
/* End PBXBuildFile section */

/* Begin PBXFileReference section */
		18986B3D2F69EB0D00C5388C /* lab_07.app */ = {isa = PBXFileReference; explicitFileType = wrapper.application; includeInIndex = 0; path = lab_07.app; sourceTree = BUILT_PRODUCTS_DIR; };
		18986B402F69EB0D00C5388C /* lab_07App.swift */ = {isa = PBXFileReference; lastKnownFileType = sourcecode.swift; path = lab_07App.swift; sourceTree = "<group>"; };
		18986B422F69EB0D00C5388C /* ContentView.swift */ = {isa = PBXFileReference; lastKnownFileType = sourcecode.swift; path = ContentView.swift; sourceTree = "<group>"; };
		18986B442F69EB0F00C5388C /* Assets.xcassets */ = {isa = PBXFileReference; lastKnownFileType = folder.assetcatalog; path = Assets.xcassets; sourceTree = "<group>"; };
		18986B472F69EB0F00C5388C /* Preview Assets.xcassets */ = {isa = PBXFileReference; lastKnownFileType = folder.assetcatalog; path = "Preview Assets.xcassets"; sourceTree = "<group>"; };
		18986B492F69EB0F00C5388C /* Persistence.swift */ = {isa = PBXFileReference; lastKnownFileType = sourcecode.swift; path = Persistence.swift; sourceTree = "<group>"; };
		18986B4C2F69EB0F00C5388C /* lab_07.xcdatamodel */ = {isa = PBXFileReference; lastKnownFileType = wrapper.xcdatamodel; path = lab_07.xcdatamodel; sourceTree = "<group>"; };
		18986B532F69ECCF00C5388C /* MultipleSelectionRow.swift */ = {isa = PBXFileReference; lastKnownFileType = sourcecode.swift; path = MultipleSelectionRow.swift; sourceTree = "<group>"; };
		18986B552F69ED6D00C5388C /* StudentFormView.swift */ = {isa = PBXFileReference; lastKnownFileType = sourcecode.swift; path = StudentFormView.swift; sourceTree = "<group>"; };
/* End PBXFileReference section */

/* Begin PBXFrameworksBuildPhase section */
		18986B3A2F69EB0D00C5388C /* Frameworks */ = {
			isa = PBXFrameworksBuildPhase;
			buildActionMask = 2147483647;
			files = (
			);
			runOnlyForDeploymentPostprocessing = 0;
		};
/* End PBXFrameworksBuildPhase section */

/* Begin PBXGroup section */
		18986B342F69EB0D00C5388C = {
			isa = PBXGroup;
			children = (
				18986B3F2F69EB0D00C5388C /* lab_07 */,
				18986B3E2F69EB0D00C5388C /* Products */,
			);
			sourceTree = "<group>";
		};
		18986B3E2F69EB0D00C5388C /* Products */ = {
			isa = PBXGroup;
			children = (
				18986B3D2F69EB0D00C5388C /* lab_07.app */,
			);
			name = Products;
			sourceTree = "<group>";
		};
		18986B3F2F69EB0D00C5388C /* lab_07 */ = {
			isa = PBXGroup;
			children = (
				18986B402F69EB0D00C5388C /* lab_07App.swift */,
				18986B422F69EB0D00C5388C /* ContentView.swift */,
				18986B442F69EB0F00C5388C /* Assets.xcassets */,
				18986B492F69EB0F00C5388C /* Persistence.swift */,
				18986B4B2F69EB0F00C5388C /* lab_07.xcdatamodeld */,
				18986B462F69EB0F00C5388C /* Preview Content */,
				18986B532F69ECCF00C5388C /* MultipleSelectionRow.swift */,
				18986B552F69ED6D00C5388C /* StudentFormView.swift */,
			);
			path = lab_07;
			sourceTree = "<group>";
		};
		18986B462F69EB0F00C5388C /* Preview Content */ = {
			isa = PBXGroup;
			children = (
				18986B472F69EB0F00C5388C /* Preview Assets.xcassets */,
			);
			path = "Preview Content";
			sourceTree = "<group>";
		};
/* End PBXGroup section */

/* Begin PBXNativeTarget section */
		18986B3C2F69EB0D00C5388C /* lab_07 */ = {
			isa = PBXNativeTarget;
			buildConfigurationList = 18986B502F69EB0F00C5388C /* Build configuration list for PBXNativeTarget "lab_07" */;
			buildPhases = (
				18986B392F69EB0D00C5388C /* Sources */,
				18986B3A2F69EB0D00C5388C /* Frameworks */,
				18986B3B2F69EB0D00C5388C /* Resources */,
			);
			buildRules = (
			);
			dependencies = (
			);
			name = lab_07;
			productName = lab_07;
			productReference = 18986B3D2F69EB0D00C5388C /* lab_07.app */;
			productType = "com.apple.product-type.application";
		};
/* End PBXNativeTarget section */

/* Begin PBXProject section */
		18986B352F69EB0D00C5388C /* Project object */ = {
			isa = PBXProject;
			attributes = {
				BuildIndependentTargetsInParallel = 1;
				LastSwiftUpdateCheck = 1420;
				LastUpgradeCheck = 1420;
				TargetAttributes = {
					18986B3C2F69EB0D00C5388C = {
						CreatedOnToolsVersion = 14.2;
					};
				};
			};
			buildConfigurationList = 18986B382F69EB0D00C5388C /* Build configuration list for PBXProject "lab_07" */;
			compatibilityVersion = "Xcode 14.0";
			developmentRegion = en;
			hasScannedForEncodings = 0;
			knownRegions = (
				en,
				Base,
			);
			mainGroup = 18986B342F69EB0D00C5388C;
			productRefGroup = 18986B3E2F69EB0D00C5388C /* Products */;
			projectDirPath = "";
			projectRoot = "";
			targets = (
				18986B3C2F69EB0D00C5388C /* lab_07 */,
			);
		};
/* End PBXProject section */

/* Begin PBXResourcesBuildPhase section */
		18986B3B2F69EB0D00C5388C /* Resources */ = {
			isa = PBXResourcesBuildPhase;
			buildActionMask = 2147483647;
			files = (
				18986B482F69EB0F00C5388C /* Preview Assets.xcassets in Resources */,
				18986B452F69EB0F00C5388C /* Assets.xcassets in Resources */,
			);
			runOnlyForDeploymentPostprocessing = 0;
		};
/* End PBXResourcesBuildPhase section */

/* Begin PBXSourcesBuildPhase section */
		18986B392F69EB0D00C5388C /* Sources */ = {
			isa = PBXSourcesBuildPhase;
			buildActionMask = 2147483647;
			files = (
				18986B4D2F69EB0F00C5388C /* lab_07.xcdatamodeld in Sources */,
				18986B4A2F69EB0F00C5388C /* Persistence.swift in Sources */,
				18986B562F69ED6D00C5388C /* StudentFormView.swift in Sources */,
				18986B432F69EB0D00C5388C /* ContentView.swift in Sources */,
				18986B542F69ECCF00C5388C /* MultipleSelectionRow.swift in Sources */,
				18986B412F69EB0D00C5388C /* lab_07App.swift in Sources */,
			);
			runOnlyForDeploymentPostprocessing = 0;
		};
/* End PBXSourcesBuildPhase section */

/* Begin XCBuildConfiguration section */
		18986B4E2F69EB0F00C5388C /* Debug */ = {
			isa = XCBuildConfiguration;
			buildSettings = {
				ALWAYS_SEARCH_USER_PATHS = NO;
				CLANG_ANALYZER_NONNULL = YES;
				CLANG_ANALYZER_NUMBER_OBJECT_CONVERSION = YES_AGGRESSIVE;
				CLANG_CXX_LANGUAGE_STANDARD = "gnu++20";
				CLANG_ENABLE_MODULES = YES;
				CLANG_ENABLE_OBJC_ARC = YES;
				CLANG_ENABLE_OBJC_WEAK = YES;
				CLANG_WARN_BLOCK_CAPTURE_AUTORELEASING = YES;
				CLANG_WARN_BOOL_CONVERSION = YES;
				CLANG_WARN_COMMA = YES;
				CLANG_WARN_CONSTANT_CONVERSION = YES;
				CLANG_WARN_DEPRECATED_OBJC_IMPLEMENTATIONS = YES;
				CLANG_WARN_DIRECT_OBJC_ISA_USAGE = YES_ERROR;
				CLANG_WARN_DOCUMENTATION_COMMENTS = YES;
				CLANG_WARN_EMPTY_BODY = YES;
				CLANG_WARN_ENUM_CONVERSION = YES;
				CLANG_WARN_INFINITE_RECURSION = YES;
				CLANG_WARN_INT_CONVERSION = YES;
				CLANG_WARN_NON_LITERAL_NULL_CONVERSION = YES;
				CLANG_WARN_OBJC_IMPLICIT_RETAIN_SELF = YES;
				CLANG_WARN_OBJC_LITERAL_CONVERSION = YES;
				CLANG_WARN_OBJC_ROOT_CLASS = YES_ERROR;
				CLANG_WARN_QUOTED_INCLUDE_IN_FRAMEWORK_HEADER = YES;
				CLANG_WARN_RANGE_LOOP_ANALYSIS = YES;
				CLANG_WARN_STRICT_PROTOTYPES = YES;
				CLANG_WARN_SUSPICIOUS_MOVE = YES;
				CLANG_WARN_UNGUARDED_AVAILABILITY = YES_AGGRESSIVE;
				CLANG_WARN_UNREACHABLE_CODE = YES;
				CLANG_WARN__DUPLICATE_METHOD_MATCH = YES;
				COPY_PHASE_STRIP = NO;
				DEBUG_INFORMATION_FORMAT = dwarf;
				ENABLE_STRICT_OBJC_MSGSEND = YES;
				ENABLE_TESTABILITY = YES;
				GCC_C_LANGUAGE_STANDARD = gnu11;
				GCC_DYNAMIC_NO_PIC = NO;
				GCC_NO_COMMON_BLOCKS = YES;
				GCC_OPTIMIZATION_LEVEL = 0;
				GCC_PREPROCESSOR_DEFINITIONS = (
					"DEBUG=1",
					"$(inherited)",
				);
				GCC_WARN_64_TO_32_BIT_CONVERSION = YES;
				GCC_WARN_ABOUT_RETURN_TYPE = YES_ERROR;
				GCC_WARN_UNDECLARED_SELECTOR = YES;
				GCC_WARN_UNINITIALIZED_AUTOS = YES_AGGRESSIVE;
				GCC_WARN_UNUSED_FUNCTION = YES;
				GCC_WARN_UNUSED_VARIABLE = YES;
				IPHONEOS_DEPLOYMENT_TARGET = 16.2;
				MTL_ENABLE_DEBUG_INFO = INCLUDE_SOURCE;
				MTL_FAST_MATH = YES;
				ONLY_ACTIVE_ARCH = YES;
				SDKROOT = iphoneos;
				SWIFT_ACTIVE_COMPILATION_CONDITIONS = DEBUG;
				SWIFT_OPTIMIZATION_LEVEL = "-Onone";
			};
			name = Debug;
		};
		18986B4F2F69EB0F00C5388C /* Release */ = {
			isa = XCBuildConfiguration;
			buildSettings = {
				ALWAYS_SEARCH_USER_PATHS = NO;
				CLANG_ANALYZER_NONNULL = YES;
				CLANG_ANALYZER_NUMBER_OBJECT_CONVERSION = YES_AGGRESSIVE;
				CLANG_CXX_LANGUAGE_STANDARD = "gnu++20";
				CLANG_ENABLE_MODULES = YES;
				CLANG_ENABLE_OBJC_ARC = YES;
				CLANG_ENABLE_OBJC_WEAK = YES;
				CLANG_WARN_BLOCK_CAPTURE_AUTORELEASING = YES;
				CLANG_WARN_BOOL_CONVERSION = YES;
				CLANG_WARN_COMMA = YES;
				CLANG_WARN_CONSTANT_CONVERSION = YES;
				CLANG_WARN_DEPRECATED_OBJC_IMPLEMENTATIONS = YES;
				CLANG_WARN_DIRECT_OBJC_ISA_USAGE = YES_ERROR;
				CLANG_WARN_DOCUMENTATION_COMMENTS = YES;
				CLANG_WARN_EMPTY_BODY = YES;
				CLANG_WARN_ENUM_CONVERSION = YES;
				CLANG_WARN_INFINITE_RECURSION = YES;
				CLANG_WARN_INT_CONVERSION = YES;
				CLANG_WARN_NON_LITERAL_NULL_CONVERSION = YES;
				CLANG_WARN_OBJC_IMPLICIT_RETAIN_SELF = YES;
				CLANG_WARN_OBJC_LITERAL_CONVERSION = YES;
				CLANG_WARN_OBJC_ROOT_CLASS = YES_ERROR;
				CLANG_WARN_QUOTED_INCLUDE_IN_FRAMEWORK_HEADER = YES;
				CLANG_WARN_RANGE_LOOP_ANALYSIS = YES;
				CLANG_WARN_STRICT_PROTOTYPES = YES;
				CLANG_WARN_SUSPICIOUS_MOVE = YES;
				CLANG_WARN_UNGUARDED_AVAILABILITY = YES_AGGRESSIVE;
				CLANG_WARN_UNREACHABLE_CODE = YES;
				CLANG_WARN__DUPLICATE_METHOD_MATCH = YES;
				COPY_PHASE_STRIP = NO;
				DEBUG_INFORMATION_FORMAT = "dwarf-with-dsym";
				ENABLE_NS_ASSERTIONS = NO;
				ENABLE_STRICT_OBJC_MSGSEND = YES;
				GCC_C_LANGUAGE_STANDARD = gnu11;
				GCC_NO_COMMON_BLOCKS = YES;
				GCC_WARN_64_TO_32_BIT_CONVERSION = YES;
				GCC_WARN_ABOUT_RETURN_TYPE = YES_ERROR;
				GCC_WARN_UNDECLARED_SELECTOR = YES;
				GCC_WARN_UNINITIALIZED_AUTOS = YES_AGGRESSIVE;
				GCC_WARN_UNUSED_FUNCTION = YES;
				GCC_WARN_UNUSED_VARIABLE = YES;
				IPHONEOS_DEPLOYMENT_TARGET = 16.2;
				MTL_ENABLE_DEBUG_INFO = NO;
				MTL_FAST_MATH = YES;
				SDKROOT = iphoneos;
				SWIFT_COMPILATION_MODE = wholemodule;
				SWIFT_OPTIMIZATION_LEVEL = "-O";
				VALIDATE_PRODUCT = YES;
			};
			name = Release;
		};
		18986B512F69EB0F00C5388C /* Debug */ = {
			isa = XCBuildConfiguration;
			buildSettings = {
				ASSETCATALOG_COMPILER_APPICON_NAME = AppIcon;
				ASSETCATALOG_COMPILER_GLOBAL_ACCENT_COLOR_NAME = AccentColor;
				CODE_SIGN_STYLE = Automatic;
				CURRENT_PROJECT_VERSION = 1;
				DEVELOPMENT_ASSET_PATHS = "\"lab_07/Preview Content\"";
				ENABLE_PREVIEWS = YES;
				GENERATE_INFOPLIST_FILE = YES;
				INFOPLIST_KEY_UIApplicationSceneManifest_Generation = YES;
				INFOPLIST_KEY_UIApplicationSupportsIndirectInputEvents = YES;
				INFOPLIST_KEY_UILaunchScreen_Generation = YES;
				INFOPLIST_KEY_UISupportedInterfaceOrientations_iPad = "UIInterfaceOrientationPortrait UIInterfaceOrientationPortraitUpsideDown UIInterfaceOrientationLandscapeLeft UIInterfaceOrientationLandscapeRight";
				INFOPLIST_KEY_UISupportedInterfaceOrientations_iPhone = "UIInterfaceOrientationPortrait UIInterfaceOrientationLandscapeLeft UIInterfaceOrientationLandscapeRight";
				LD_RUNPATH_SEARCH_PATHS = (
					"$(inherited)",
					"@executable_path/Frameworks",
				);
				MARKETING_VERSION = 1.0;
				PRODUCT_BUNDLE_IDENTIFIER = "ca.gbc.comp3097.lab-07";
				PRODUCT_NAME = "$(TARGET_NAME)";
				SWIFT_EMIT_LOC_STRINGS = YES;
				SWIFT_VERSION = 5.0;
				TARGETED_DEVICE_FAMILY = "1,2";
			};
			name = Debug;
		};
		18986B522F69EB0F00C5388C /* Release */ = {
			isa = XCBuildConfiguration;
			buildSettings = {
				ASSETCATALOG_COMPILER_APPICON_NAME = AppIcon;
				ASSETCATALOG_COMPILER_GLOBAL_ACCENT_COLOR_NAME = AccentColor;
				CODE_SIGN_STYLE = Automatic;
				CURRENT_PROJECT_VERSION = 1;
				DEVELOPMENT_ASSET_PATHS = "\"lab_07/Preview Content\"";
				ENABLE_PREVIEWS = YES;
				GENERATE_INFOPLIST_FILE = YES;
				INFOPLIST_KEY_UIApplicationSceneManifest_Generation = YES;
				INFOPLIST_KEY_UIApplicationSupportsIndirectInputEvents = YES;
				INFOPLIST_KEY_UILaunchScreen_Generation = YES;
				INFOPLIST_KEY_UISupportedInterfaceOrientations_iPad = "UIInterfaceOrientationPortrait UIInterfaceOrientationPortraitUpsideDown UIInterfaceOrientationLandscapeLeft UIInterfaceOrientationLandscapeRight";
				INFOPLIST_KEY_UISupportedInterfaceOrientations_iPhone = "UIInterfaceOrientationPortrait UIInterfaceOrientationLandscapeLeft UIInterfaceOrientationLandscapeRight";
				LD_RUNPATH_SEARCH_PATHS = (
					"$(inherited)",
					"@executable_path/Frameworks",
				);
				MARKETING_VERSION = 1.0;
				PRODUCT_BUNDLE_IDENTIFIER = "ca.gbc.comp3097.lab-07";
				PRODUCT_NAME = "$(TARGET_NAME)";
				SWIFT_EMIT_LOC_STRINGS = YES;
				SWIFT_VERSION = 5.0;
				TARGETED_DEVICE_FAMILY = "1,2";
			};
			name = Release;
		};
/* End XCBuildConfiguration section */

/* Begin XCConfigurationList section */
		18986B382F69EB0D00C5388C /* Build configuration list for PBXProject "lab_07" */ = {
			isa = XCConfigurationList;
			buildConfigurations = (
				18986B4E2F69EB0F00C5388C /* Debug */,
				18986B4F2F69EB0F00C5388C /* Release */,
			);
			defaultConfigurationIsVisible = 0;
			defaultConfigurationName = Release;
		};
		18986B502F69EB0F00C5388C /* Build configuration list for PBXNativeTarget "lab_07" */ = {
			isa = XCConfigurationList;
			buildConfigurations = (
				18986B512F69EB0F00C5388C /* Debug */,
				18986B522F69EB0F00C5388C /* Release */,
			);
			defaultConfigurationIsVisible = 0;
			defaultConfigurationName = Release;
		};
/* End XCConfigurationList section */

/* Begin XCVersionGroup section */
		18986B4B2F69EB0F00C5388C /* lab_07.xcdatamodeld */ = {
			isa = XCVersionGroup;
			children = (
				18986B4C2F69EB0F00C5388C /* lab_07.xcdatamodel */,
			);
			currentVersion = 18986B4C2F69EB0F00C5388C /* lab_07.xcdatamodel */;
			path = lab_07.xcdatamodeld;
			sourceTree = "<group>";
			versionGroupType = wrapper.xcdatamodel;
		};
/* End XCVersionGroup section */
	};
	rootObject = 18986B352F69EB0D00C5388C /* Project object */;
}
